github.com/deepmap/oapi-codegen/v2 v2.1.0/go.mod h1:R1wL226vc5VmCNJUvMyYr3hJMm5reyv25j952zAVXZ8=
github.com/getkin/kin-openapi v0.122.0/go.mod h1:PCWw/lfBrJY4HcdqE3jj+QFkaFK8ABoqo7PvqVhXXqw=
github.com/gin-contrib/cors v1.5.0/go.mod h1:TvU7MAZ3EwrPLI2ztzTt3tqgvBCq+wn8WpZmfADjupI=
github.com/gin-gonic/gin v1.9.1/go.mod h1:hPrL7YrpYKXt5YId3A/Tnip5kqbEAP+KLuI3SUcPTeU=
github.com/golang-jwt/jwt/v5 v5.2.0/go.mod h1:pqrtFR0X4osieyHYxtmOUWsAWrfe1Q5UVIyoH402zdk=
github.com/google/uuid v1.5.0/go.mod h1:TIyPZe4MgqvfeYDBFedMoGGpEw/LqOeaOT+nhxU+yHo=
github.com/jackc/pgx/v5 v5.5.1/go.mod h1:Ig06C2Vu0t5qXC60W8sqIthScaEnFvojjj9dSljmHRA=
github.com/joho/godotenv v1.5.1/go.mod h1:f4LDr5Voq0i2e/R5DDNOoa2zzDfwtkZa6DnEwAbqwq4=
github.com/oapi-codegen/runtime v1.1.1/go.mod h1:SK9X900oXmPWilYR5/WKPzt3Kqxn/uS/+lbpREv+eCg=
github.com/onsi/ginkgo/v2 v2.13.0/go.mod h1:TE309ZR8s5FsKKpuB1YAQYBzCaAfUgatB/xlT/ETL/o=
github.com/onsi/gomega v1.29.0/go.mod h1:9sxs+SwGrKI0+PWe4Fxa9tFQQBG5xSsSbMXOI8PPpoQ=
github.com/pashagolub/pgxmock/v3 v3.3.0/go.mod h1:ywwoE43oyD7aqpA3Jh5tvZ8h00P7RRiygA23aXmNpWU=
github.com/stretchr/testify v1.8.4/go.mod h1:sz/lmYIOXD/1dqDmKjjqLyZ2RngseejIcXlSw2iwfAo=
golang.org/x/crypto v0.17.0/go.mod h1:gCAAfMLgwOJRpTjQ2zCCt2OcSfYMTeZVSRtQlPC7Nq4=
